// !$*UTF8*$!
{
	archiveVersion = 1;
	classes = {
	};
	objectVersion = 50;
	objects = {

/* Begin PBXBuildFile section */
		FD183E3524710C620060FAEF /* AppDelegate.swift in Sources */ = {isa = PBXBuildFile; fileRef = FD183E3424710C620060FAEF /* AppDelegate.swift */; };
		FD183E3724710C620060FAEF /* SceneDelegate.swift in Sources */ = {isa = PBXBuildFile; fileRef = FD183E3624710C620060FAEF /* SceneDelegate.swift */; };
		FD183E3924710C620060FAEF /* ViewController.swift in Sources */ = {isa = PBXBuildFile; fileRef = FD183E3824710C620060FAEF /* ViewController.swift */; };
		FD183E3C24710C620060FAEF /* Main.storyboard in Resources */ = {isa = PBXBuildFile; fileRef = FD183E3A24710C620060FAEF /* Main.storyboard */; };
		FD183E3E24710C660060FAEF /* Assets.xcassets in Resources */ = {isa = PBXBuildFile; fileRef = FD183E3D24710C660060FAEF /* Assets.xcassets */; };
		FD183E4124710C660060FAEF /* LaunchScreen.storyboard in Resources */ = {isa = PBXBuildFile; fileRef = FD183E3F24710C660060FAEF /* LaunchScreen.storyboard */; };
		FD183E4C24712F900060FAEF /* TodoAppTableViewController.swift in Sources */ = {isa = PBXBuildFile; fileRef = FD183E4B24712F900060FAEF /* TodoAppTableViewController.swift */; };
		FD4D7A0C247146210057A105 /* AddTodoAppViewController.swift in Sources */ = {isa = PBXBuildFile; fileRef = FD4D7A0B247146210057A105 /* AddTodoAppViewController.swift */; };
		FD71522C2472341F00C0661F /* TodoApp.xcdatamodeld in Sources */ = {isa = PBXBuildFile; fileRef = FD71522A2472341F00C0661F /* TodoApp.xcdatamodeld */; };
		FD71522E24723D3C00C0661F /* CoreDataStack.swift in Sources */ = {isa = PBXBuildFile; fileRef = FD71522D24723D3C00C0661F /* CoreDataStack.swift */; };
/* End PBXBuildFile section */

/* Begin PBXFileReference section */
		FD183E3124710C620060FAEF /* TodoApp.app */ = {isa = PBXFileReference; explicitFileType = wrapper.application; includeInIndex = 0; path = TodoApp.app; sourceTree = BUILT_PRODUCTS_DIR; };
		FD183E3424710C620060FAEF /* AppDelegate.swift */ = {isa = PBXFileReference; lastKnownFileType = sourcecode.swift; path = AppDelegate.swift; sourceTree = "<group>"; };
		FD183E3624710C620060FAEF /* SceneDelegate.swift */ = {isa = PBXFileReference; lastKnownFileType = sourcecode.swift; path = SceneDelegate.swift; sourceTree = "<group>"; };
		FD183E3824710C620060FAEF /* ViewController.swift */ = {isa = PBXFileReference; lastKnownFileType = sourcecode.swift; path = ViewController.swift; sourceTree = "<group>"; };
		FD183E3B24710C620060FAEF /* Base */ = {isa = PBXFileReference; lastKnownFileType = file.storyboard; name = Base; path = Base.lproj/Main.storyboard; sourceTree = "<group>"; };
		FD183E3D24710C660060FAEF /* Assets.xcassets */ = {isa = PBXFileReference; lastKnownFileType = folder.assetcatalog; path = Assets.xcassets; sourceTree = "<group>"; };
		FD183E4024710C660060FAEF /* Base */ = {isa = PBXFileReference; lastKnownFileType = file.storyboard; name = Base; path = Base.lproj/LaunchScreen.storyboard; sourceTree = "<group>"; };
		FD183E4224710C660060FAEF /* Info.plist */ = {isa = PBXFileReference; lastKnownFileType = text.plist.xml; path = Info.plist; sourceTree = "<group>"; };
		FD183E4B24712F900060FAEF /* TodoAppTableViewController.swift */ = {isa = PBXFileReference; lastKnownFileType = sourcecode.swift; path = TodoAppTableViewController.swift; sourceTree = "<group>"; };
		FD4D7A0B247146210057A105 /* AddTodoAppViewController.swift */ = {isa = PBXFileReference; lastKnownFileType = sourcecode.swift; path = AddTodoAppViewController.swift; sourceTree = "<group>"; };
		FD71522B2472341F00C0661F /* TodoApp.xcdatamodel */ = {isa = PBXFileReference; lastKnownFileType = wrapper.xcdatamodel; path = TodoApp.xcdatamodel; sourceTree = "<group>"; };
		FD71522D24723D3C00C0661F /* CoreDataStack.swift */ = {isa = PBXFileReference; lastKnownFileType = sourcecode.swift; path = CoreDataStack.swift; sourceTree = "<group>"; };
/* End PBXFileReference section */

/* Begin PBXFrameworksBuildPhase section */
		FD183E2E24710C620060FAEF /* Frameworks */ = {
			isa = PBXFrameworksBuildPhase;
			buildActionMask = 2147483647;
			files = (
			);
			runOnlyForDeploymentPostprocessing = 0;
		};
/* End PBXFrameworksBuildPhase section */

/* Begin PBXGroup section */
		FD183E2824710C620060FAEF = {
			isa = PBXGroup;
			children = (
				FD183E3324710C620060FAEF /* TodoApp */,
				FD183E3224710C620060FAEF /* Products */,
			);
			sourceTree = "<group>";
		};
		FD183E3224710C620060FAEF /* Products */ = {
			isa = PBXGroup;
			children = (
				FD183E3124710C620060FAEF /* TodoApp.app */,
			);
			name = Products;
			sourceTree = "<group>";
		};
		FD183E3324710C620060FAEF /* TodoApp */ = {
			isa = PBXGroup;
			children = (
				FD71522924721EBF00C0661F /* CoreData */,
				FD183E4824712F270060FAEF /* ViewControllers */,
				FD183E3424710C620060FAEF /* AppDelegate.swift */,
				FD183E3624710C620060FAEF /* SceneDelegate.swift */,
				FD183E3824710C620060FAEF /* ViewController.swift */,
				FD183E3A24710C620060FAEF /* Main.storyboard */,
				FD183E3D24710C660060FAEF /* Assets.xcassets */,
				FD183E3F24710C660060FAEF /* LaunchScreen.storyboard */,
				FD183E4224710C660060FAEF /* Info.plist */,
			);
			path = TodoApp;
			sourceTree = "<group>";
		};
		FD183E4824712F270060FAEF /* ViewControllers */ = {
			isa = PBXGroup;
			children = (
				FD4D7A0B247146210057A105 /* AddTodoAppViewController.swift */,
				FD183E4B24712F900060FAEF /* TodoAppTableViewController.swift */,
			);
			path = ViewControllers;
			sourceTree = "<group>";
		};
		FD71522924721EBF00C0661F /* CoreData */ = {
			isa = PBXGroup;
			children = (
				FD71522A2472341F00C0661F /* TodoApp.xcdatamodeld */,
				FD71522D24723D3C00C0661F /* CoreDataStack.swift */,
			);
			path = CoreData;
			sourceTree = "<group>";
		};
/* End PBXGroup section */

/* Begin PBXNativeTarget section */
		FD183E3024710C620060FAEF /* TodoApp */ = {
			isa = PBXNativeTarget;
			buildConfigurationList = FD183E4524710C660060FAEF /* Build configuration list for PBXNativeTarget "TodoApp" */;
			buildPhases = (
				FD183E2D24710C620060FAEF /* Sources */,
				FD183E2E24710C620060FAEF /* Frameworks */,
				FD183E2F24710C620060FAEF /* Resources */,
			);
			buildRules = (
			);
			dependencies = (
			);
			name = TodoApp;
			productName = TodoApp;
			productReference = FD183E3124710C620060FAEF /* TodoApp.app */;
			productType = "com.apple.product-type.application";
		};
/* End PBXNativeTarget section */

/* Begin PBXProject section */
		FD183E2924710C620060FAEF /* Project object */ = {
			isa = PBXProject;
			attributes = {
				LastSwiftUpdateCheck = 1140;
				LastUpgradeCheck = 1140;
				ORGANIZATIONNAME = "Melisa Garcia";
				TargetAttributes = {
					FD183E3024710C620060FAEF = {
						CreatedOnToolsVersion = 11.4.1;
					};
				};
			};
			buildConfigurationList = FD183E2C24710C620060FAEF /* Build configuration list for PBXProject "TodoApp" */;
			compatibilityVersion = "Xcode 9.3";
			developmentRegion = en;
			hasScannedForEncodings = 0;
			knownRegions = (
				en,
				Base,
			);
			mainGroup = FD183E2824710C620060FAEF;
			productRefGroup = FD183E3224710C620060FAEF /* Products */;
			projectDirPath = "";
			projectRoot = "";
			targets = (
				FD183E3024710C620060FAEF /* TodoApp */,
			);
		};
/* End PBXProject section */

/* Begin PBXResourcesBuildPhase section */
		FD183E2F24710C620060FAEF /* Resources */ = {
			isa = PBXResourcesBuildPhase;
			buildActionMask = 2147483647;
			files = (
				FD183E4124710C660060FAEF /* LaunchScreen.storyboard in Resources */,
				FD183E3E24710C660060FAEF /* Assets.xcassets in Resources */,
				FD183E3C24710C620060FAEF /* Main.storyboard in Resources */,
			);
			runOnlyForDeploymentPostprocessing = 0;
		};
/* End PBXResourcesBuildPhase section */

/* Begin PBXSourcesBuildPhase section */
		FD183E2D24710C620060FAEF /* Sources */ = {
			isa = PBXSourcesBuildPhase;
			buildActionMask = 2147483647;
			files = (
				FD71522E24723D3C00C0661F /* CoreDataStack.swift in Sources */,
				FD183E3924710C620060FAEF /* ViewController.swift in Sources */,
				FD71522C2472341F00C0661F /* TodoApp.xcdatamodeld in Sources */,
				FD183E4C24712F900060FAEF /* TodoAppTableViewController.swift in Sources */,
				FD4D7A0C247146210057A105 /* AddTodoAppViewController.swift in Sources */,
				FD183E3524710C620060FAEF /* AppDelegate.swift in Sources */,
				FD183E3724710C620060FAEF /* SceneDelegate.swift in Sources */,
			);
			runOnlyForDeploymentPostprocessing = 0;
		};
/* End PBXSourcesBuildPhase section */

/* Begin PBXVariantGroup section */
		FD183E3A24710C620060FAEF /* Main.storyboard */ = {
			isa = PBXVariantGroup;
			children = (
				FD183E3B24710C620060FAEF /* Base */,
			);
			name = Main.storyboard;
			sourceTree = "<group>";
		};
		FD183E3F24710C660060FAEF /* LaunchScreen.storyboard */ = {
			isa = PBXVariantGroup;
			children = (
				FD183E4024710C660060FAEF /* Base */,
			);
			name = LaunchScreen.storyboard;
			sourceTree = "<group>";
		};
/* End PBXVariantGroup section */

/* Begin XCBuildConfiguration section */
		FD183E4324710C660060FAEF /* Debug */ = {
			isa = XCBuildConfiguration;
			buildSettings = {
				ALWAYS_SEARCH_USER_PATHS = NO;
				CLANG_ANALYZER_NONNULL = YES;
				CLANG_ANALYZER_NUMBER_OBJECT_CONVERSION = YES_AGGRESSIVE;
				CLANG_CXX_LANGUAGE_STANDARD = "gnu++14";
				CLANG_CXX_LIBRARY = "libc++";
				CLANG_ENABLE_MODULES = YES;
				CLANG_ENABLE_OBJC_ARC = YES;
				CLANG_ENABLE_OBJC_WEAK = YES;
				CLANG_WARN_BLOCK_CAPTURE_AUTORELEASING = YES;
				CLANG_WARN_BOOL_CONVERSION = YES;
				CLANG_WARN_COMMA = YES;
				CLANG_WARN_CONSTANT_CONVERSION = YES;
				CLANG_WARN_DEPRECATED_OBJC_IMPLEMENTATIONS = YES;
				CLANG_WARN_DIRECT_OBJC_ISA_USAGE = YES_ERROR;
				CLANG_WARN_DOCUMENTATION_COMMENTS = YES;
				CLANG_WARN_EMPTY_BODY = YES;
				CLANG_WARN_ENUM_CONVERSION = YES;
				CLANG_WARN_INFINITE_RECURSION = YES;
				CLANG_WARN_INT_CONVERSION = YES;
				CLANG_WARN_NON_LITERAL_NULL_CONVERSION = YES;
				CLANG_WARN_OBJC_IMPLICIT_RETAIN_SELF = YES;
				CLANG_WARN_OBJC_LITERAL_CONVERSION = YES;
				CLANG_WARN_OBJC_ROOT_CLASS = YES_ERROR;
				CLANG_WARN_RANGE_LOOP_ANALYSIS = YES;
				CLANG_WARN_STRICT_PROTOTYPES = YES;
				CLANG_WARN_SUSPICIOUS_MOVE = YES;
				CLANG_WARN_UNGUARDED_AVAILABILITY = YES_AGGRESSIVE;
				CLANG_WARN_UNREACHABLE_CODE = YES;
				CLANG_WARN__DUPLICATE_METHOD_MATCH = YES;
				COPY_PHASE_STRIP = NO;
				DEBUG_INFORMATION_FORMAT = dwarf;
				ENABLE_STRICT_OBJC_MSGSEND = YES;
				ENABLE_TESTABILITY = YES;
				GCC_C_LANGUAGE_STANDARD = gnu11;
				GCC_DYNAMIC_NO_PIC = NO;
				GCC_NO_COMMON_BLOCKS = YES;
				GCC_OPTIMIZATION_LEVEL = 0;
				GCC_PREPROCESSOR_DEFINITIONS = (
					"DEBUG=1",
					"$(inherited)",
				);
				GCC_WARN_64_TO_32_BIT_CONVERSION = YES;
				GCC_WARN_ABOUT_RETURN_TYPE = YES_ERROR;
				GCC_WARN_UNDECLARED_SELECTOR = YES;
				GCC_WARN_UNINITIALIZED_AUTOS = YES_AGGRESSIVE;
				GCC_WARN_UNUSED_FUNCTION = YES;
				GCC_WARN_UNUSED_VARIABLE = YES;
				IPHONEOS_DEPLOYMENT_TARGET = 13.4;
				MTL_ENABLE_DEBUG_INFO = INCLUDE_SOURCE;
				MTL_FAST_MATH = YES;
				ONLY_ACTIVE_ARCH = YES;
				SDKROOT = iphoneos;
				SWIFT_ACTIVE_COMPILATION_CONDITIONS = DEBUG;
				SWIFT_OPTIMIZATION_LEVEL = "-Onone";
			};
			name = Debug;
		};
		FD183E4424710C660060FAEF /* Release */ = {
			isa = XCBuildConfiguration;
			buildSettings = {
				ALWAYS_SEARCH_USER_PATHS = NO;
				CLANG_ANALYZER_NONNULL = YES;
				CLANG_ANALYZER_NUMBER_OBJECT_CONVERSION = YES_AGGRESSIVE;
				CLANG_CXX_LANGUAGE_STANDARD = "gnu++14";
				CLANG_CXX_LIBRARY = "libc++";
				CLANG_ENABLE_MODULES = YES;
				CLANG_ENABLE_OBJC_ARC = YES;
				CLANG_ENABLE_OBJC_WEAK = YES;
				CLANG_WARN_BLOCK_CAPTURE_AUTORELEASING = YES;
				CLANG_WARN_BOOL_CONVERSION = YES;
				CLANG_WARN_COMMA = YES;
				CLANG_WARN_CONSTANT_CONVERSION = YES;
				CLANG_WARN_DEPRECATED_OBJC_IMPLEMENTATIONS = YES;
				CLANG_WARN_DIRECT_OBJC_ISA_USAGE = YES_ERROR;
				CLANG_WARN_DOCUMENTATION_COMMENTS = YES;
				CLANG_WARN_EMPTY_BODY = YES;
				CLANG_WARN_ENUM_CONVERSION = YES;
				CLANG_WARN_INFINITE_RECURSION = YES;
				CLANG_WARN_INT_CONVERSION = YES;
				CLANG_WARN_NON_LITERAL_NULL_CONVERSION = YES;
				CLANG_WARN_OBJC_IMPLICIT_RETAIN_SELF = YES;
				CLANG_WARN_OBJC_LITERAL_CONVERSION = YES;
				CLANG_WARN_OBJC_ROOT_CLASS = YES_ERROR;
				CLANG_WARN_RANGE_LOOP_ANALYSIS = YES;
				CLANG_WARN_STRICT_PROTOTYPES = YES;
				CLANG_WARN_SUSPICIOUS_MOVE = YES;
				CLANG_WARN_UNGUARDED_AVAILABILITY = YES_AGGRESSIVE;
				CLANG_WARN_UNREACHABLE_CODE = YES;
				CLANG_WARN__DUPLICATE_METHOD_MATCH = YES;
				COPY_PHASE_STRIP = NO;
				DEBUG_INFORMATION_FORMAT = "dwarf-with-dsym";
				ENABLE_NS_ASSERTIONS = NO;
				ENABLE_STRICT_OBJC_MSGSEND = YES;
				GCC_C_LANGUAGE_STANDARD = gnu11;
				GCC_NO_COMMON_BLOCKS = YES;
				GCC_WARN_64_TO_32_BIT_CONVERSION = YES;
				GCC_WARN_ABOUT_RETURN_TYPE = YES_ERROR;
				GCC_WARN_UNDECLARED_SELECTOR = YES;
				GCC_WARN_UNINITIALIZED_AUTOS = YES_AGGRESSIVE;
				GCC_WARN_UNUSED_FUNCTION = YES;
				GCC_WARN_UNUSED_VARIABLE = YES;
				IPHONEOS_DEPLOYMENT_TARGET = 13.4;
				MTL_ENABLE_DEBUG_INFO = NO;
				MTL_FAST_MATH = YES;
				SDKROOT = iphoneos;
				SWIFT_COMPILATION_MODE = wholemodule;
				SWIFT_OPTIMIZATION_LEVEL = "-O";
				VALIDATE_PRODUCT = YES;
			};
			name = Release;
		};
		FD183E4624710C660060FAEF /* Debug */ = {
			isa = XCBuildConfiguration;
			buildSettings = {
				ASSETCATALOG_COMPILER_APPICON_NAME = AppIcon;
				CODE_SIGN_STYLE = Automatic;
				DEVELOPMENT_TEAM = AB3A58AD36;
				INFOPLIST_FILE = TodoApp/Info.plist;
				LD_RUNPATH_SEARCH_PATHS = (
					"$(inherited)",
					"@executable_path/Frameworks",
				);
				PRODUCT_BUNDLE_IDENTIFIER = com.mgr.TodoApp;
				PRODUCT_NAME = "$(TARGET_NAME)";
				SWIFT_VERSION = 5.0;
				TARGETED_DEVICE_FAMILY = "1,2";
			};
			name = Debug;
		};
		FD183E4724710C660060FAEF /* Release */ = {
			isa = XCBuildConfiguration;
			buildSettings = {
				ASSETCATALOG_COMPILER_APPICON_NAME = AppIcon;
				CODE_SIGN_STYLE = Automatic;
				DEVELOPMENT_TEAM = AB3A58AD36;
				INFOPLIST_FILE = TodoApp/Info.plist;
				LD_RUNPATH_SEARCH_PATHS = (
					"$(inherited)",
					"@executable_path/Frameworks",
				);
				PRODUCT_BUNDLE_IDENTIFIER = com.mgr.TodoApp;
				PRODUCT_NAME = "$(TARGET_NAME)";
				SWIFT_VERSION = 5.0;
				TARGETED_DEVICE_FAMILY = "1,2";
			};
			name = Release;
		};
/* End XCBuildConfiguration section */

/* Begin XCConfigurationList section */
		FD183E2C24710C620060FAEF /* Build configuration list for PBXProject "TodoApp" */ = {
			isa = XCConfigurationList;
			buildConfigurations = (
				FD183E4324710C660060FAEF /* Debug */,
				FD183E4424710C660060FAEF /* Release */,
			);
			defaultConfigurationIsVisible = 0;
			defaultConfigurationName = Release;
		};
		FD183E4524710C660060FAEF /* Build configuration list for PBXNativeTarget "TodoApp" */ = {
			isa = XCConfigurationList;
			buildConfigurations = (
				FD183E4624710C660060FAEF /* Debug */,
				FD183E4724710C660060FAEF /* Release */,
			);
			defaultConfigurationIsVisible = 0;
			defaultConfigurationName = Release;
		};
/* End XCConfigurationList section */

/* Begin XCVersionGroup section */
		FD71522A2472341F00C0661F /* TodoApp.xcdatamodeld */ = {
			isa = XCVersionGroup;
			children = (
				FD71522B2472341F00C0661F /* TodoApp.xcdatamodel */,
			);
			currentVersion = FD71522B2472341F00C0661F /* TodoApp.xcdatamodel */;
			path = TodoApp.xcdatamodeld;
			sourceTree = "<group>";
			versionGroupType = wrapper.xcdatamodel;
		};
/* End XCVersionGroup section */
	};
	rootObject = FD183E2924710C620060FAEF /* Project object */;
}
